{
  "requires": true,
  "lockfileVersion": 1,
  "dependencies": {
    "coc-clangd": {
      "version": "0.4.11",
      "resolved": "https://registry.npmjs.org/coc-clangd/-/coc-clangd-0.4.11.tgz",
      "integrity": "sha512-qcYSqEosAVAQpB1bKHmE6lglN+8Oi1IXKmmxltJBQTRCHv6Kf/JcV8mq3Z0ChIFWdu+rQ2wJaKu4Y8O6zttIJQ=="
    },
    "coc-highlight": {
      "version": "1.2.5",
      "resolved": "https://registry.npmjs.org/coc-highlight/-/coc-highlight-1.2.5.tgz",
      "integrity": "sha512-fGWz30toD5ORdRpH7WOSbMvNOqzdorCSClTfwIdcb3vJoKPA31wOxFzEMfzR7jlXvusjBaUr1GvTQyu3eOKomw=="
    },
    "coc-json": {
      "version": "1.2.6",
      "resolved": "https://registry.npmjs.org/coc-json/-/coc-json-1.2.6.tgz",
      "integrity": "sha512-PAytSZ30TWoEHOfi2V3Y944u5q1WHNVhjsKyNnggm8CcgYAulWJiCzxSsmKBLw+DbRLqygGUdO3cOIbQeJCm5A=="
    },
    "coc-python": {
      "version": "1.2.12",
      "resolved": "https://registry.npmjs.org/coc-python/-/coc-python-1.2.12.tgz",
      "integrity": "sha512-cwZ/uIJT5id6zwBE6RWC/HcGy7uw2hLjC0OyvcjFzidazH73e3fQBBoEMJNtLKgPuAJfNjo4BPu+cDsCSAkCAw=="
    },
    "coc-tsserver": {
      "version": "1.5.2",
      "resolved": "https://registry.npmjs.org/coc-tsserver/-/coc-tsserver-1.5.2.tgz",
      "integrity": "sha512-jDmG/yzx5MMCk57o8fyV3G3AHHj274pI2mJMiq5pQWEAvKRa2XNrdav/JgAtvfhD0lYZTELgw9juqiyybSHk9g==",
      "requires": {
        "typescript": "3.9.5"
      }
    },
    "typescript": {
      "version": "3.9.5",
      "resolved": "https://registry.npmjs.org/typescript/-/typescript-3.9.5.tgz",
      "integrity": "sha512-hSAifV3k+i6lEoCJ2k6R2Z/rp/H3+8sdmcn5NrS3/3kE7+RyZXm9aqvxWqjEXHAd8b0pShatpcdMTvEdvAJltQ=="
    }
  }
}
